{
	"name": "ydbjs",
	"version": "0.0.0",
	"lockfileVersion": 3,
	"requires": true,
	"packages": {
		"": {
			"name": "ydbjs",
			"version": "0.0.0",
			"workspaces": [
				"packages/*",
				"third-party/*"
			],
			"devDependencies": {
				"@types/node": "^22.13.10",
				"oxlint": "^0.16.4",
				"prettier": "^3.5.3",
				"tsx": "^4.19.3",
				"turbo": "^2.5.0",
				"typescript": "^5.8.3"
			},
			"engines": {
				"node": ">=18",
				"npm": ">=10"
			}
		},
		"node_modules/@bufbuild/buf": {
			"version": "1.53.0",
			"resolved": "https://registry.npmjs.org/@bufbuild/buf/-/buf-1.53.0.tgz",
			"integrity": "sha512-GGAztQbbKSv+HaihdDIUpejUcxIx2Fse9SqHfMisJbL/hZ7aOH7BFeSH0q8/g2kSAsLABlenVKeEWKX1uZU3LQ==",
			"dev": true,
			"hasInstallScript": true,
			"license": "Apache-2.0",
			"bin": {
				"buf": "bin/buf",
				"protoc-gen-buf-breaking": "bin/protoc-gen-buf-breaking",
				"protoc-gen-buf-lint": "bin/protoc-gen-buf-lint"
			},
			"engines": {
				"node": ">=12"
			},
			"optionalDependencies": {
				"@bufbuild/buf-darwin-arm64": "1.53.0",
				"@bufbuild/buf-darwin-x64": "1.53.0",
				"@bufbuild/buf-linux-aarch64": "1.53.0",
				"@bufbuild/buf-linux-armv7": "1.53.0",
				"@bufbuild/buf-linux-x64": "1.53.0",
				"@bufbuild/buf-win32-arm64": "1.53.0",
				"@bufbuild/buf-win32-x64": "1.53.0"
			}
		},
		"node_modules/@bufbuild/buf-darwin-arm64": {
			"version": "1.53.0",
			"resolved": "https://registry.npmjs.org/@bufbuild/buf-darwin-arm64/-/buf-darwin-arm64-1.53.0.tgz",
			"integrity": "sha512-UVhqDYu54ciiCMeG6RODlrX5XRvLN6PfsVDqMQG0JwmMKtUi326CbUqsqO7xsQbcEUso3FTBaURir4RixoM88w==",
			"cpu": [
				"arm64"
			],
			"dev": true,
			"license": "Apache-2.0",
			"optional": true,
			"os": [
				"darwin"
			],
			"engines": {
				"node": ">=12"
			}
		},
		"node_modules/@bufbuild/buf-darwin-x64": {
			"version": "1.53.0",
			"resolved": "https://registry.npmjs.org/@bufbuild/buf-darwin-x64/-/buf-darwin-x64-1.53.0.tgz",
			"integrity": "sha512-03lKaenjf08HF6DlARPU2lEL2dRxNsU6rb9GbUu+YeLayWy7SUlfeDB8drAZ/GpfSc7SL8TKF7jqRkqxT4wFGA==",
			"cpu": [
				"x64"
			],
			"dev": true,
			"license": "Apache-2.0",
			"optional": true,
			"os": [
				"darwin"
			],
			"engines": {
				"node": ">=12"
			}
		},
		"node_modules/@bufbuild/buf-linux-aarch64": {
			"version": "1.53.0",
			"resolved": "https://registry.npmjs.org/@bufbuild/buf-linux-aarch64/-/buf-linux-aarch64-1.53.0.tgz",
			"integrity": "sha512-FlxrB+rZJG5u7v2JovzXvSR/OdXjVXYHTTLnk6vN/73KPbpGPzZrW7mKxlYyn/Uar5tKDAYvmijjuItXZ6i31g==",
			"cpu": [
				"arm64"
			],
			"dev": true,
			"license": "Apache-2.0",
			"optional": true,
			"os": [
				"linux"
			],
			"engines": {
				"node": ">=12"
			}
		},
		"node_modules/@bufbuild/buf-linux-armv7": {
			"version": "1.53.0",
			"resolved": "https://registry.npmjs.org/@bufbuild/buf-linux-armv7/-/buf-linux-armv7-1.53.0.tgz",
			"integrity": "sha512-e9ER+5Os1DPLhr2X1BRPrQpDZWpv5Mkk2PLnmmzh5RL4kOueJKQZj/m1qQr7SQkiPPhS0yMw7EEghsr521FFzQ==",
			"cpu": [
				"arm"
			],
			"dev": true,
			"license": "Apache-2.0",
			"optional": true,
			"os": [
				"linux"
			],
			"engines": {
				"node": ">=12"
			}
		},
		"node_modules/@bufbuild/buf-linux-x64": {
			"version": "1.53.0",
			"resolved": "https://registry.npmjs.org/@bufbuild/buf-linux-x64/-/buf-linux-x64-1.53.0.tgz",
			"integrity": "sha512-LehyZPbkRgCvIM56uUnCAUD1QSno2wkBZ5HOvjrjOd0GEjfKgw/fsEu13fJR13bGBNOeOUHbHrd59iUSyY6rGA==",
			"cpu": [
				"x64"
			],
			"dev": true,
			"license": "Apache-2.0",
			"optional": true,
			"os": [
				"linux"
			],
			"engines": {
				"node": ">=12"
			}
		},
		"node_modules/@bufbuild/buf-win32-arm64": {
			"version": "1.53.0",
			"resolved": "https://registry.npmjs.org/@bufbuild/buf-win32-arm64/-/buf-win32-arm64-1.53.0.tgz",
			"integrity": "sha512-QRNMHYW6v4keoelIwMNZGQw2R67fsS8lEDnYxrFmiRADwZ/ri/XKJjvQfpoE2Bq0xREB0zZ++RX+1DZOkTA/Iw==",
			"cpu": [
				"arm64"
			],
			"dev": true,
			"license": "Apache-2.0",
			"optional": true,
			"os": [
				"win32"
			],
			"engines": {
				"node": ">=12"
			}
		},
		"node_modules/@bufbuild/buf-win32-x64": {
			"version": "1.53.0",
			"resolved": "https://registry.npmjs.org/@bufbuild/buf-win32-x64/-/buf-win32-x64-1.53.0.tgz",
			"integrity": "sha512-relZlT9gYrZGcEH4dcJhEWrjaHV9drG1PcgW6krqw1AzpQOPxR/loXJ7DycoCAnUhQ9TdsdTfUlVHqiJt98piQ==",
			"cpu": [
				"x64"
			],
			"dev": true,
			"license": "Apache-2.0",
			"optional": true,
			"os": [
				"win32"
			],
			"engines": {
				"node": ">=12"
			}
		},
		"node_modules/@bufbuild/protobuf": {
			"version": "2.2.5",
			"resolved": "https://registry.npmjs.org/@bufbuild/protobuf/-/protobuf-2.2.5.tgz",
			"integrity": "sha512-/g5EzJifw5GF8aren8wZ/G5oMuPoGeS6MQD3ca8ddcvdXR5UELUfdTZITCGNhNXynY/AYl3Z4plmxdj/tRl/hQ==",
			"license": "(Apache-2.0 AND BSD-3-Clause)"
		},
		"node_modules/@bufbuild/protoc-gen-es": {
			"version": "2.2.5",
			"resolved": "https://registry.npmjs.org/@bufbuild/protoc-gen-es/-/protoc-gen-es-2.2.5.tgz",
			"integrity": "sha512-81dI1PLMQXUkvCUH1fKJEZsx+G69LvU/0BOFeqxotFpCFEC/jTu1Ka1ViIEGT5U1r51udRs20kHZTlkR9zwfAA==",
			"dev": true,
			"license": "Apache-2.0",
			"dependencies": {
				"@bufbuild/protobuf": "^2.2.5",
				"@bufbuild/protoplugin": "2.2.5"
			},
			"bin": {
				"protoc-gen-es": "bin/protoc-gen-es"
			},
			"engines": {
				"node": ">=14"
			},
			"peerDependencies": {
				"@bufbuild/protobuf": "2.2.5"
			},
			"peerDependenciesMeta": {
				"@bufbuild/protobuf": {
					"optional": true
				}
			}
		},
		"node_modules/@bufbuild/protoplugin": {
			"version": "2.2.5",
			"resolved": "https://registry.npmjs.org/@bufbuild/protoplugin/-/protoplugin-2.2.5.tgz",
			"integrity": "sha512-Z68KTDLiidUYoJ8kjs6YfhK8r58W93pOFIfGqlnK1RZQTQRtbH6WRWjSqtuiy4WjJpJZ5qE0lKtFGR+bHU8Vaw==",
			"dev": true,
			"license": "Apache-2.0",
			"dependencies": {
				"@bufbuild/protobuf": "2.2.5",
				"@typescript/vfs": "^1.5.2",
				"typescript": "5.4.5"
			}
		},
		"node_modules/@bufbuild/protoplugin/node_modules/typescript": {
			"version": "5.4.5",
			"resolved": "https://registry.npmjs.org/typescript/-/typescript-5.4.5.tgz",
			"integrity": "sha512-vcI4UpRgg81oIRUFwR0WSIHKt11nJ7SAVlYNIu+QpqeyXP+gpQJy/Z4+F0aGxSE4MqwjyXvW/TzgkLAx2AGHwQ==",
			"dev": true,
			"license": "Apache-2.0",
			"bin": {
				"tsc": "bin/tsc",
				"tsserver": "bin/tsserver"
			},
			"engines": {
				"node": ">=14.17"
			}
		},
		"node_modules/@date-fns/tz": {
			"version": "1.2.0",
			"resolved": "https://registry.npmjs.org/@date-fns/tz/-/tz-1.2.0.tgz",
			"integrity": "sha512-LBrd7MiJZ9McsOgxqWX7AaxrDjcFVjWH/tIKJd7pnR7McaslGYOP1QmmiBXdJH/H/yLCT+rcQ7FaPBUxRGUtrg==",
			"license": "MIT"
		},
		"node_modules/@esbuild/aix-ppc64": {
			"version": "0.25.2",
			"resolved": "https://registry.npmjs.org/@esbuild/aix-ppc64/-/aix-ppc64-0.25.2.tgz",
			"integrity": "sha512-wCIboOL2yXZym2cgm6mlA742s9QeJ8DjGVaL39dLN4rRwrOgOyYSnOaFPhKZGLb2ngj4EyfAFjsNJwPXZvseag==",
			"cpu": [
				"ppc64"
			],
			"dev": true,
			"license": "MIT",
			"optional": true,
			"os": [
				"aix"
			],
			"engines": {
				"node": ">=18"
			}
		},
		"node_modules/@esbuild/android-arm": {
			"version": "0.25.2",
			"resolved": "https://registry.npmjs.org/@esbuild/android-arm/-/android-arm-0.25.2.tgz",
			"integrity": "sha512-NQhH7jFstVY5x8CKbcfa166GoV0EFkaPkCKBQkdPJFvo5u+nGXLEH/ooniLb3QI8Fk58YAx7nsPLozUWfCBOJA==",
			"cpu": [
				"arm"
			],
			"dev": true,
			"license": "MIT",
			"optional": true,
			"os": [
				"android"
			],
			"engines": {
				"node": ">=18"
			}
		},
		"node_modules/@esbuild/android-arm64": {
			"version": "0.25.2",
			"resolved": "https://registry.npmjs.org/@esbuild/android-arm64/-/android-arm64-0.25.2.tgz",
			"integrity": "sha512-5ZAX5xOmTligeBaeNEPnPaeEuah53Id2tX4c2CVP3JaROTH+j4fnfHCkr1PjXMd78hMst+TlkfKcW/DlTq0i4w==",
			"cpu": [
				"arm64"
			],
			"dev": true,
			"license": "MIT",
			"optional": true,
			"os": [
				"android"
			],
			"engines": {
				"node": ">=18"
			}
		},
		"node_modules/@esbuild/android-x64": {
			"version": "0.25.2",
			"resolved": "https://registry.npmjs.org/@esbuild/android-x64/-/android-x64-0.25.2.tgz",
			"integrity": "sha512-Ffcx+nnma8Sge4jzddPHCZVRvIfQ0kMsUsCMcJRHkGJ1cDmhe4SsrYIjLUKn1xpHZybmOqCWwB0zQvsjdEHtkg==",
			"cpu": [
				"x64"
			],
			"dev": true,
			"license": "MIT",
			"optional": true,
			"os": [
				"android"
			],
			"engines": {
				"node": ">=18"
			}
		},
		"node_modules/@esbuild/darwin-arm64": {
			"version": "0.25.2",
			"resolved": "https://registry.npmjs.org/@esbuild/darwin-arm64/-/darwin-arm64-0.25.2.tgz",
			"integrity": "sha512-MpM6LUVTXAzOvN4KbjzU/q5smzryuoNjlriAIx+06RpecwCkL9JpenNzpKd2YMzLJFOdPqBpuub6eVRP5IgiSA==",
			"cpu": [
				"arm64"
			],
			"dev": true,
			"license": "MIT",
			"optional": true,
			"os": [
				"darwin"
			],
			"engines": {
				"node": ">=18"
			}
		},
		"node_modules/@esbuild/darwin-x64": {
			"version": "0.25.2",
			"resolved": "https://registry.npmjs.org/@esbuild/darwin-x64/-/darwin-x64-0.25.2.tgz",
			"integrity": "sha512-5eRPrTX7wFyuWe8FqEFPG2cU0+butQQVNcT4sVipqjLYQjjh8a8+vUTfgBKM88ObB85ahsnTwF7PSIt6PG+QkA==",
			"cpu": [
				"x64"
			],
			"dev": true,
			"license": "MIT",
			"optional": true,
			"os": [
				"darwin"
			],
			"engines": {
				"node": ">=18"
			}
		},
		"node_modules/@esbuild/freebsd-arm64": {
			"version": "0.25.2",
			"resolved": "https://registry.npmjs.org/@esbuild/freebsd-arm64/-/freebsd-arm64-0.25.2.tgz",
			"integrity": "sha512-mLwm4vXKiQ2UTSX4+ImyiPdiHjiZhIaE9QvC7sw0tZ6HoNMjYAqQpGyui5VRIi5sGd+uWq940gdCbY3VLvsO1w==",
			"cpu": [
				"arm64"
			],
			"dev": true,
			"license": "MIT",
			"optional": true,
			"os": [
				"freebsd"
			],
			"engines": {
				"node": ">=18"
			}
		},
		"node_modules/@esbuild/freebsd-x64": {
			"version": "0.25.2",
			"resolved": "https://registry.npmjs.org/@esbuild/freebsd-x64/-/freebsd-x64-0.25.2.tgz",
			"integrity": "sha512-6qyyn6TjayJSwGpm8J9QYYGQcRgc90nmfdUb0O7pp1s4lTY+9D0H9O02v5JqGApUyiHOtkz6+1hZNvNtEhbwRQ==",
			"cpu": [
				"x64"
			],
			"dev": true,
			"license": "MIT",
			"optional": true,
			"os": [
				"freebsd"
			],
			"engines": {
				"node": ">=18"
			}
		},
		"node_modules/@esbuild/linux-arm": {
			"version": "0.25.2",
			"resolved": "https://registry.npmjs.org/@esbuild/linux-arm/-/linux-arm-0.25.2.tgz",
			"integrity": "sha512-UHBRgJcmjJv5oeQF8EpTRZs/1knq6loLxTsjc3nxO9eXAPDLcWW55flrMVc97qFPbmZP31ta1AZVUKQzKTzb0g==",
			"cpu": [
				"arm"
			],
			"dev": true,
			"license": "MIT",
			"optional": true,
			"os": [
				"linux"
			],
			"engines": {
				"node": ">=18"
			}
		},
		"node_modules/@esbuild/linux-arm64": {
			"version": "0.25.2",
			"resolved": "https://registry.npmjs.org/@esbuild/linux-arm64/-/linux-arm64-0.25.2.tgz",
			"integrity": "sha512-gq/sjLsOyMT19I8obBISvhoYiZIAaGF8JpeXu1u8yPv8BE5HlWYobmlsfijFIZ9hIVGYkbdFhEqC0NvM4kNO0g==",
			"cpu": [
				"arm64"
			],
			"dev": true,
			"license": "MIT",
			"optional": true,
			"os": [
				"linux"
			],
			"engines": {
				"node": ">=18"
			}
		},
		"node_modules/@esbuild/linux-ia32": {
			"version": "0.25.2",
			"resolved": "https://registry.npmjs.org/@esbuild/linux-ia32/-/linux-ia32-0.25.2.tgz",
			"integrity": "sha512-bBYCv9obgW2cBP+2ZWfjYTU+f5cxRoGGQ5SeDbYdFCAZpYWrfjjfYwvUpP8MlKbP0nwZ5gyOU/0aUzZ5HWPuvQ==",
			"cpu": [
				"ia32"
			],
			"dev": true,
			"license": "MIT",
			"optional": true,
			"os": [
				"linux"
			],
			"engines": {
				"node": ">=18"
			}
		},
		"node_modules/@esbuild/linux-loong64": {
			"version": "0.25.2",
			"resolved": "https://registry.npmjs.org/@esbuild/linux-loong64/-/linux-loong64-0.25.2.tgz",
			"integrity": "sha512-SHNGiKtvnU2dBlM5D8CXRFdd+6etgZ9dXfaPCeJtz+37PIUlixvlIhI23L5khKXs3DIzAn9V8v+qb1TRKrgT5w==",
			"cpu": [
				"loong64"
			],
			"dev": true,
			"license": "MIT",
			"optional": true,
			"os": [
				"linux"
			],
			"engines": {
				"node": ">=18"
			}
		},
		"node_modules/@esbuild/linux-mips64el": {
			"version": "0.25.2",
			"resolved": "https://registry.npmjs.org/@esbuild/linux-mips64el/-/linux-mips64el-0.25.2.tgz",
			"integrity": "sha512-hDDRlzE6rPeoj+5fsADqdUZl1OzqDYow4TB4Y/3PlKBD0ph1e6uPHzIQcv2Z65u2K0kpeByIyAjCmjn1hJgG0Q==",
			"cpu": [
				"mips64el"
			],
			"dev": true,
			"license": "MIT",
			"optional": true,
			"os": [
				"linux"
			],
			"engines": {
				"node": ">=18"
			}
		},
		"node_modules/@esbuild/linux-ppc64": {
			"version": "0.25.2",
			"resolved": "https://registry.npmjs.org/@esbuild/linux-ppc64/-/linux-ppc64-0.25.2.tgz",
			"integrity": "sha512-tsHu2RRSWzipmUi9UBDEzc0nLc4HtpZEI5Ba+Omms5456x5WaNuiG3u7xh5AO6sipnJ9r4cRWQB2tUjPyIkc6g==",
			"cpu": [
				"ppc64"
			],
			"dev": true,
			"license": "MIT",
			"optional": true,
			"os": [
				"linux"
			],
			"engines": {
				"node": ">=18"
			}
		},
		"node_modules/@esbuild/linux-riscv64": {
			"version": "0.25.2",
			"resolved": "https://registry.npmjs.org/@esbuild/linux-riscv64/-/linux-riscv64-0.25.2.tgz",
			"integrity": "sha512-k4LtpgV7NJQOml/10uPU0s4SAXGnowi5qBSjaLWMojNCUICNu7TshqHLAEbkBdAszL5TabfvQ48kK84hyFzjnw==",
			"cpu": [
				"riscv64"
			],
			"dev": true,
			"license": "MIT",
			"optional": true,
			"os": [
				"linux"
			],
			"engines": {
				"node": ">=18"
			}
		},
		"node_modules/@esbuild/linux-s390x": {
			"version": "0.25.2",
			"resolved": "https://registry.npmjs.org/@esbuild/linux-s390x/-/linux-s390x-0.25.2.tgz",
			"integrity": "sha512-GRa4IshOdvKY7M/rDpRR3gkiTNp34M0eLTaC1a08gNrh4u488aPhuZOCpkF6+2wl3zAN7L7XIpOFBhnaE3/Q8Q==",
			"cpu": [
				"s390x"
			],
			"dev": true,
			"license": "MIT",
			"optional": true,
			"os": [
				"linux"
			],
			"engines": {
				"node": ">=18"
			}
		},
		"node_modules/@esbuild/linux-x64": {
			"version": "0.25.2",
			"resolved": "https://registry.npmjs.org/@esbuild/linux-x64/-/linux-x64-0.25.2.tgz",
			"integrity": "sha512-QInHERlqpTTZ4FRB0fROQWXcYRD64lAoiegezDunLpalZMjcUcld3YzZmVJ2H/Cp0wJRZ8Xtjtj0cEHhYc/uUg==",
			"cpu": [
				"x64"
			],
			"dev": true,
			"license": "MIT",
			"optional": true,
			"os": [
				"linux"
			],
			"engines": {
				"node": ">=18"
			}
		},
		"node_modules/@esbuild/netbsd-arm64": {
			"version": "0.25.2",
			"resolved": "https://registry.npmjs.org/@esbuild/netbsd-arm64/-/netbsd-arm64-0.25.2.tgz",
			"integrity": "sha512-talAIBoY5M8vHc6EeI2WW9d/CkiO9MQJ0IOWX8hrLhxGbro/vBXJvaQXefW2cP0z0nQVTdQ/eNyGFV1GSKrxfw==",
			"cpu": [
				"arm64"
			],
			"dev": true,
			"license": "MIT",
			"optional": true,
			"os": [
				"netbsd"
			],
			"engines": {
				"node": ">=18"
			}
		},
		"node_modules/@esbuild/netbsd-x64": {
			"version": "0.25.2",
			"resolved": "https://registry.npmjs.org/@esbuild/netbsd-x64/-/netbsd-x64-0.25.2.tgz",
			"integrity": "sha512-voZT9Z+tpOxrvfKFyfDYPc4DO4rk06qamv1a/fkuzHpiVBMOhpjK+vBmWM8J1eiB3OLSMFYNaOaBNLXGChf5tg==",
			"cpu": [
				"x64"
			],
			"dev": true,
			"license": "MIT",
			"optional": true,
			"os": [
				"netbsd"
			],
			"engines": {
				"node": ">=18"
			}
		},
		"node_modules/@esbuild/openbsd-arm64": {
			"version": "0.25.2",
			"resolved": "https://registry.npmjs.org/@esbuild/openbsd-arm64/-/openbsd-arm64-0.25.2.tgz",
			"integrity": "sha512-dcXYOC6NXOqcykeDlwId9kB6OkPUxOEqU+rkrYVqJbK2hagWOMrsTGsMr8+rW02M+d5Op5NNlgMmjzecaRf7Tg==",
			"cpu": [
				"arm64"
			],
			"dev": true,
			"license": "MIT",
			"optional": true,
			"os": [
				"openbsd"
			],
			"engines": {
				"node": ">=18"
			}
		},
		"node_modules/@esbuild/openbsd-x64": {
			"version": "0.25.2",
			"resolved": "https://registry.npmjs.org/@esbuild/openbsd-x64/-/openbsd-x64-0.25.2.tgz",
			"integrity": "sha512-t/TkWwahkH0Tsgoq1Ju7QfgGhArkGLkF1uYz8nQS/PPFlXbP5YgRpqQR3ARRiC2iXoLTWFxc6DJMSK10dVXluw==",
			"cpu": [
				"x64"
			],
			"dev": true,
			"license": "MIT",
			"optional": true,
			"os": [
				"openbsd"
			],
			"engines": {
				"node": ">=18"
			}
		},
		"node_modules/@esbuild/sunos-x64": {
			"version": "0.25.2",
			"resolved": "https://registry.npmjs.org/@esbuild/sunos-x64/-/sunos-x64-0.25.2.tgz",
			"integrity": "sha512-cfZH1co2+imVdWCjd+D1gf9NjkchVhhdpgb1q5y6Hcv9TP6Zi9ZG/beI3ig8TvwT9lH9dlxLq5MQBBgwuj4xvA==",
			"cpu": [
				"x64"
			],
			"dev": true,
			"license": "MIT",
			"optional": true,
			"os": [
				"sunos"
			],
			"engines": {
				"node": ">=18"
			}
		},
		"node_modules/@esbuild/win32-arm64": {
			"version": "0.25.2",
			"resolved": "https://registry.npmjs.org/@esbuild/win32-arm64/-/win32-arm64-0.25.2.tgz",
			"integrity": "sha512-7Loyjh+D/Nx/sOTzV8vfbB3GJuHdOQyrOryFdZvPHLf42Tk9ivBU5Aedi7iyX+x6rbn2Mh68T4qq1SDqJBQO5Q==",
			"cpu": [
				"arm64"
			],
			"dev": true,
			"license": "MIT",
			"optional": true,
			"os": [
				"win32"
			],
			"engines": {
				"node": ">=18"
			}
		},
		"node_modules/@esbuild/win32-ia32": {
			"version": "0.25.2",
			"resolved": "https://registry.npmjs.org/@esbuild/win32-ia32/-/win32-ia32-0.25.2.tgz",
			"integrity": "sha512-WRJgsz9un0nqZJ4MfhabxaD9Ft8KioqU3JMinOTvobbX6MOSUigSBlogP8QB3uxpJDsFS6yN+3FDBdqE5lg9kg==",
			"cpu": [
				"ia32"
			],
			"dev": true,
			"license": "MIT",
			"optional": true,
			"os": [
				"win32"
			],
			"engines": {
				"node": ">=18"
			}
		},
		"node_modules/@esbuild/win32-x64": {
			"version": "0.25.2",
			"resolved": "https://registry.npmjs.org/@esbuild/win32-x64/-/win32-x64-0.25.2.tgz",
			"integrity": "sha512-kM3HKb16VIXZyIeVrM1ygYmZBKybX8N4p754bw390wGO3Tf2j4L2/WYL+4suWujpgf6GBYs3jv7TyUivdd05JA==",
			"cpu": [
				"x64"
			],
			"dev": true,
			"license": "MIT",
			"optional": true,
			"os": [
				"win32"
			],
			"engines": {
				"node": ">=18"
			}
		},
		"node_modules/@grpc/grpc-js": {
			"version": "1.13.3",
			"resolved": "https://registry.npmjs.org/@grpc/grpc-js/-/grpc-js-1.13.3.tgz",
			"integrity": "sha512-FTXHdOoPbZrBjlVLHuKbDZnsTxXv2BlHF57xw6LuThXacXvtkahEPED0CKMk6obZDf65Hv4k3z62eyPNpvinIg==",
			"license": "Apache-2.0",
			"dependencies": {
				"@grpc/proto-loader": "^0.7.13",
				"@js-sdsl/ordered-map": "^4.4.2"
			},
			"engines": {
				"node": ">=12.10.0"
			}
		},
		"node_modules/@grpc/proto-loader": {
			"name": "dry-uninstall",
			"version": "0.3.0",
			"resolved": "https://registry.npmjs.org/dry-uninstall/-/dry-uninstall-0.3.0.tgz",
			"integrity": "sha512-b8h94RVpETWkVV59x62NsY++79bM7Si6Dxq7a4iVxRcJU3ZJJ4vaiC7wUZwM8WDK0ySRL+i+T/1SMAzbJLejYA==",
			"license": "MIT"
		},
		"node_modules/@js-sdsl/ordered-map": {
			"version": "4.4.2",
			"resolved": "https://registry.npmjs.org/@js-sdsl/ordered-map/-/ordered-map-4.4.2.tgz",
			"integrity": "sha512-iUKgm52T8HOE/makSxjqoWhe95ZJA1/G1sYsGev2JDKUSS14KAgg1LHb+Ba+IPow0xflbnSkOsZcO08C7w1gYw==",
			"license": "MIT",
			"funding": {
				"type": "opencollective",
				"url": "https://opencollective.com/js-sdsl"
			}
		},
		"node_modules/@oxlint/darwin-arm64": {
			"version": "0.16.7",
			"resolved": "https://registry.npmjs.org/@oxlint/darwin-arm64/-/darwin-arm64-0.16.7.tgz",
			"integrity": "sha512-VeWa9qDieR8TsjCLlQ9t0IkFQru3VSv5fwiNzqA14OKosTunFbAp0qaN4kw7bbwdtaVojwg7p0kKKX7TToyHrA==",
			"cpu": [
				"arm64"
			],
			"dev": true,
			"license": "MIT",
			"optional": true,
			"os": [
				"darwin"
			]
		},
		"node_modules/@oxlint/darwin-x64": {
			"version": "0.16.7",
			"resolved": "https://registry.npmjs.org/@oxlint/darwin-x64/-/darwin-x64-0.16.7.tgz",
			"integrity": "sha512-uFRVF91sKIaXAYvJuAwj2t66IW11AmQZlAf1zIAymTZkFg513y7t92SAAPQEE131RU1WF/jKkrBv6kZyiFKddw==",
			"cpu": [
				"x64"
			],
			"dev": true,
			"license": "MIT",
			"optional": true,
			"os": [
				"darwin"
			]
		},
		"node_modules/@oxlint/linux-arm64-gnu": {
			"version": "0.16.7",
			"resolved": "https://registry.npmjs.org/@oxlint/linux-arm64-gnu/-/linux-arm64-gnu-0.16.7.tgz",
			"integrity": "sha512-4wdrsLT8QE/89ln3WfsfLVvh+FqhDuzNTw2tiV8BNhJRORjenmNH8oX8NAvDXkA2OL/SIQ9YmFrPdh9MLdCPXA==",
			"cpu": [
				"arm64"
			],
			"dev": true,
			"license": "MIT",
			"optional": true,
			"os": [
				"linux"
			]
		},
		"node_modules/@oxlint/linux-arm64-musl": {
			"version": "0.16.7",
			"resolved": "https://registry.npmjs.org/@oxlint/linux-arm64-musl/-/linux-arm64-musl-0.16.7.tgz",
			"integrity": "sha512-2zC+9HrZ8Cc0w9fdrnFSmLizommZqgzFbWK7PpmNUdvcULT/NFCUA/RVfsxxEcwBCNiEcnay4xTbXnI2UUPXQA==",
			"cpu": [
				"arm64"
			],
			"dev": true,
			"license": "MIT",
			"optional": true,
			"os": [
				"linux"
			]
		},
		"node_modules/@oxlint/linux-x64-gnu": {
			"version": "0.16.7",
			"resolved": "https://registry.npmjs.org/@oxlint/linux-x64-gnu/-/linux-x64-gnu-0.16.7.tgz",
			"integrity": "sha512-6w7H+deX+5Y6J3mcjOTrnKTY5i/EV2O/2+U3GblOFov101W4KV1IFhkKjuHl+JvIFRi364ns98fOQNr9gk+Wsw==",
			"cpu": [
				"x64"
			],
			"dev": true,
			"license": "MIT",
			"optional": true,
			"os": [
				"linux"
			]
		},
		"node_modules/@oxlint/linux-x64-musl": {
			"version": "0.16.7",
			"resolved": "https://registry.npmjs.org/@oxlint/linux-x64-musl/-/linux-x64-musl-0.16.7.tgz",
			"integrity": "sha512-zFwBAzefgZNL2gQnQwiFnVmhPKXlIBp1ETjNarja56oWPUeWCwVvls1MQAvNgPjHDVdS40Vnka0DOHUelQk67Q==",
			"cpu": [
				"x64"
			],
			"dev": true,
			"license": "MIT",
			"optional": true,
			"os": [
				"linux"
			]
		},
		"node_modules/@oxlint/win32-arm64": {
			"version": "0.16.7",
			"resolved": "https://registry.npmjs.org/@oxlint/win32-arm64/-/win32-arm64-0.16.7.tgz",
			"integrity": "sha512-ORQS2kw73Pqn8jE0oXlTol4W9KU+83aBQ0DMRg8vCl7ghhZ3BbJl87K3C+A5eGaH7wDHj/f8WtAgW6y460JtjQ==",
			"cpu": [
				"arm64"
			],
			"dev": true,
			"license": "MIT",
			"optional": true,
			"os": [
				"win32"
			]
		},
		"node_modules/@oxlint/win32-x64": {
			"version": "0.16.7",
			"resolved": "https://registry.npmjs.org/@oxlint/win32-x64/-/win32-x64-0.16.7.tgz",
			"integrity": "sha512-kUGut1deJm9JnKK1mYP+5F2QaxL7yY0Z0yiSGkLHjhwuYSkpprb9z/PePcTsu2yhs4fDtOriDxT8fUZEu8xvhQ==",
			"cpu": [
				"x64"
			],
			"dev": true,
			"license": "MIT",
			"optional": true,
			"os": [
				"win32"
			]
		},
		"node_modules/@types/debug": {
			"version": "4.1.12",
			"resolved": "https://registry.npmjs.org/@types/debug/-/debug-4.1.12.tgz",
			"integrity": "sha512-vIChWdVG3LG1SMxEvI/AK+FWJthlrqlTu7fbrlywTkkaONwk/UAGaULXRlf8vkzFBLVm0zkMdCquhL5aOjhXPQ==",
			"dev": true,
			"license": "MIT",
			"dependencies": {
				"@types/ms": "*"
			}
		},
		"node_modules/@types/ms": {
			"version": "2.1.0",
			"resolved": "https://registry.npmjs.org/@types/ms/-/ms-2.1.0.tgz",
			"integrity": "sha512-GsCCIZDE/p3i96vtEqx+7dBUGXrc7zeSK3wwPHIaRThS+9OhWIXRqzs4d6k1SVU8g91DrNRWxWUGhp5KXQb2VA==",
			"dev": true,
			"license": "MIT"
		},
		"node_modules/@types/node": {
			"version": "22.14.1",
			"resolved": "https://registry.npmjs.org/@types/node/-/node-22.14.1.tgz",
			"integrity": "sha512-u0HuPQwe/dHrItgHHpmw3N2fYCR6x4ivMNbPHRkBVP4CvN+kiRrKHWk3i8tXiO/joPwXLMYvF9TTF0eqgHIuOw==",
			"dev": true,
			"license": "MIT",
			"dependencies": {
				"undici-types": "~6.21.0"
			}
		},
		"node_modules/@typescript/vfs": {
			"version": "1.6.1",
			"resolved": "https://registry.npmjs.org/@typescript/vfs/-/vfs-1.6.1.tgz",
			"integrity": "sha512-JwoxboBh7Oz1v38tPbkrZ62ZXNHAk9bJ7c9x0eI5zBfBnBYGhURdbnh7Z4smN/MV48Y5OCcZb58n972UtbazsA==",
			"dev": true,
			"license": "MIT",
			"dependencies": {
				"debug": "^4.1.1"
			},
			"peerDependencies": {
				"typescript": "*"
			}
		},
		"node_modules/@ydbjs/api": {
			"resolved": "packages/api",
			"link": true
		},
		"node_modules/@ydbjs/auth": {
			"resolved": "packages/auth",
			"link": true
		},
		"node_modules/@ydbjs/core": {
			"resolved": "packages/core",
			"link": true
		},
		"node_modules/@ydbjs/error": {
			"resolved": "packages/error",
			"link": true
		},
		"node_modules/@ydbjs/query": {
			"resolved": "packages/query",
			"link": true
		},
		"node_modules/@ydbjs/retry": {
			"resolved": "packages/retry",
			"link": true
		},
		"node_modules/@ydbjs/value": {
			"resolved": "packages/value",
			"link": true
		},
		"node_modules/abort-controller-x": {
			"version": "0.4.3",
			"resolved": "https://registry.npmjs.org/abort-controller-x/-/abort-controller-x-0.4.3.tgz",
			"integrity": "sha512-VtUwTNU8fpMwvWGn4xE93ywbogTYsuT+AUxAXOeelbXuQVIwNmC5YLeho9sH4vZ4ITW8414TTAOG1nW6uIVHCA==",
			"license": "MIT"
		},
		"node_modules/date-fns": {
			"version": "4.1.0",
			"resolved": "https://registry.npmjs.org/date-fns/-/date-fns-4.1.0.tgz",
			"integrity": "sha512-Ukq0owbQXxa/U3EGtsdVBkR1w7KOQ5gIBqdH2hkvknzZPYvBxb/aa6E8L7tmjFtkwZBu3UXBbjIgPo/Ez4xaNg==",
			"license": "MIT",
			"funding": {
				"type": "github",
				"url": "https://github.com/sponsors/kossnocorp"
			}
		},
		"node_modules/debug": {
			"version": "4.4.0",
			"resolved": "https://registry.npmjs.org/debug/-/debug-4.4.0.tgz",
			"integrity": "sha512-6WTZ/IxCY/T6BALoZHaE4ctp9xm+Z5kY/pzYaCHRFeyVhojxlrm+46y68HA6hr0TcwEssoxNiDEUJQjfPZ/RYA==",
			"license": "MIT",
			"dependencies": {
				"ms": "^2.1.3"
			},
			"engines": {
				"node": ">=6.0"
			},
			"peerDependenciesMeta": {
				"supports-color": {
					"optional": true
				}
			}
		},
		"node_modules/esbuild": {
			"version": "0.25.2",
			"resolved": "https://registry.npmjs.org/esbuild/-/esbuild-0.25.2.tgz",
			"integrity": "sha512-16854zccKPnC+toMywC+uKNeYSv+/eXkevRAfwRD/G9Cleq66m8XFIrigkbvauLLlCfDL45Q2cWegSg53gGBnQ==",
			"dev": true,
			"hasInstallScript": true,
			"license": "MIT",
			"bin": {
				"esbuild": "bin/esbuild"
			},
			"engines": {
				"node": ">=18"
			},
			"optionalDependencies": {
				"@esbuild/aix-ppc64": "0.25.2",
				"@esbuild/android-arm": "0.25.2",
				"@esbuild/android-arm64": "0.25.2",
				"@esbuild/android-x64": "0.25.2",
				"@esbuild/darwin-arm64": "0.25.2",
				"@esbuild/darwin-x64": "0.25.2",
				"@esbuild/freebsd-arm64": "0.25.2",
				"@esbuild/freebsd-x64": "0.25.2",
				"@esbuild/linux-arm": "0.25.2",
				"@esbuild/linux-arm64": "0.25.2",
				"@esbuild/linux-ia32": "0.25.2",
				"@esbuild/linux-loong64": "0.25.2",
				"@esbuild/linux-mips64el": "0.25.2",
				"@esbuild/linux-ppc64": "0.25.2",
				"@esbuild/linux-riscv64": "0.25.2",
				"@esbuild/linux-s390x": "0.25.2",
				"@esbuild/linux-x64": "0.25.2",
				"@esbuild/netbsd-arm64": "0.25.2",
				"@esbuild/netbsd-x64": "0.25.2",
				"@esbuild/openbsd-arm64": "0.25.2",
				"@esbuild/openbsd-x64": "0.25.2",
				"@esbuild/sunos-x64": "0.25.2",
				"@esbuild/win32-arm64": "0.25.2",
				"@esbuild/win32-ia32": "0.25.2",
				"@esbuild/win32-x64": "0.25.2"
			}
		},
		"node_modules/fsevents": {
			"version": "2.3.3",
			"resolved": "https://registry.npmjs.org/fsevents/-/fsevents-2.3.3.tgz",
			"integrity": "sha512-5xoDfX+fL7faATnagmWPpbFtwh/R77WmMMqqHGS65C3vvB0YHrgF+B1YmZ3441tMj5n63k0212XNoJwzlhffQw==",
			"dev": true,
			"hasInstallScript": true,
			"license": "MIT",
			"optional": true,
			"os": [
				"darwin"
			],
			"engines": {
				"node": "^8.16.0 || ^10.6.0 || >=11.0.0"
			}
		},
		"node_modules/get-tsconfig": {
			"version": "4.10.0",
			"resolved": "https://registry.npmjs.org/get-tsconfig/-/get-tsconfig-4.10.0.tgz",
			"integrity": "sha512-kGzZ3LWWQcGIAmg6iWvXn0ei6WDtV26wzHRMwDSzmAbcXrTEXxHy6IehI6/4eT6VRKyMP1eF1VqwrVUmE/LR7A==",
			"dev": true,
			"license": "MIT",
			"dependencies": {
				"resolve-pkg-maps": "^1.0.0"
			},
			"funding": {
				"url": "https://github.com/privatenumber/get-tsconfig?sponsor=1"
			}
		},
		"node_modules/ms": {
			"version": "2.1.3",
			"resolved": "https://registry.npmjs.org/ms/-/ms-2.1.3.tgz",
			"integrity": "sha512-6FlzubTLZG3J2a/NVCAleEhjzq5oxgHyaCU9yYXvcLsvoVaHJq/s5xXI6/XXP6tz7R9xAOtHnSO/tXtF3WRTlA==",
			"license": "MIT"
		},
		"node_modules/nice-grpc": {
			"version": "2.1.12",
			"resolved": "https://registry.npmjs.org/nice-grpc/-/nice-grpc-2.1.12.tgz",
			"integrity": "sha512-J1n4Wg+D3IhRhGQb+iqh2OpiM0GzTve/kf2lnlW4S+xczmIEd0aHUDV1OsJ5a3q8GSTqJf+s4Rgg1M8uJltarw==",
			"license": "MIT",
			"dependencies": {
				"@grpc/grpc-js": "^1.13.1",
				"abort-controller-x": "^0.4.0",
				"nice-grpc-common": "^2.0.2"
			}
		},
		"node_modules/nice-grpc-common": {
			"version": "2.0.2",
			"resolved": "https://registry.npmjs.org/nice-grpc-common/-/nice-grpc-common-2.0.2.tgz",
			"integrity": "sha512-7RNWbls5kAL1QVUOXvBsv1uO0wPQK3lHv+cY1gwkTzirnG1Nop4cBJZubpgziNbaVc/bl9QJcyvsf/NQxa3rjQ==",
			"license": "MIT",
			"dependencies": {
				"ts-error": "^1.0.6"
			}
		},
		"node_modules/oxlint": {
			"version": "0.16.7",
			"resolved": "https://registry.npmjs.org/oxlint/-/oxlint-0.16.7.tgz",
			"integrity": "sha512-/ab3XRLSbZT25/M2Hm7MKrcQDsqzk1DcWyfFTRidorOvYAkgk0p7gW93e7nDPHnatsdLqSWIShkXO1DFOsP3Nw==",
			"dev": true,
			"license": "MIT",
			"bin": {
				"oxc_language_server": "bin/oxc_language_server",
				"oxlint": "bin/oxlint"
			},
			"engines": {
				"node": ">=8.*"
			},
			"funding": {
				"url": "https://github.com/sponsors/Boshen"
			},
			"optionalDependencies": {
				"@oxlint/darwin-arm64": "0.16.7",
				"@oxlint/darwin-x64": "0.16.7",
				"@oxlint/linux-arm64-gnu": "0.16.7",
				"@oxlint/linux-arm64-musl": "0.16.7",
				"@oxlint/linux-x64-gnu": "0.16.7",
				"@oxlint/linux-x64-musl": "0.16.7",
				"@oxlint/win32-arm64": "0.16.7",
				"@oxlint/win32-x64": "0.16.7"
			}
		},
		"node_modules/prettier": {
			"version": "3.5.3",
			"resolved": "https://registry.npmjs.org/prettier/-/prettier-3.5.3.tgz",
			"integrity": "sha512-QQtaxnoDJeAkDvDKWCLiwIXkTgRhwYDEQCghU9Z6q03iyek/rxRh/2lC3HB7P8sWT2xC/y5JDctPLBIGzHKbhw==",
			"dev": true,
			"license": "MIT",
			"bin": {
				"prettier": "bin/prettier.cjs"
			},
			"engines": {
				"node": ">=14"
			},
			"funding": {
				"url": "https://github.com/prettier/prettier?sponsor=1"
			}
		},
		"node_modules/proposal-decimal": {
			"version": "20240325.0.0",
			"resolved": "https://registry.npmjs.org/proposal-decimal/-/proposal-decimal-20240325.0.0.tgz",
			"integrity": "sha512-cU2MzyCARuJwYZBMV6L3L8oNgXk91UQicopb7gTO7yJd6AER0WTorkDxRdjRSfI8BbQU6bo35TOtOuwYOZqAug==",
			"license": "BSD-2-Clause"
		},
		"node_modules/resolve-pkg-maps": {
			"version": "1.0.0",
			"resolved": "https://registry.npmjs.org/resolve-pkg-maps/-/resolve-pkg-maps-1.0.0.tgz",
			"integrity": "sha512-seS2Tj26TBVOC2NIc2rOe2y2ZO7efxITtLZcGSOnHHNOQ7CkiUBfw0Iw2ck6xkIhPwLhKNLS8BO+hEpngQlqzw==",
			"dev": true,
			"license": "MIT",
			"funding": {
				"url": "https://github.com/privatenumber/resolve-pkg-maps?sponsor=1"
			}
		},
		"node_modules/ts-error": {
			"version": "1.0.6",
			"resolved": "https://registry.npmjs.org/ts-error/-/ts-error-1.0.6.tgz",
			"integrity": "sha512-tLJxacIQUM82IR7JO1UUkKlYuUTmoY9HBJAmNWFzheSlDS5SPMcNIepejHJa4BpPQLAcbRhRf3GDJzyj6rbKvA==",
			"license": "MIT"
		},
		"node_modules/tsx": {
			"version": "4.19.3",
			"resolved": "https://registry.npmjs.org/tsx/-/tsx-4.19.3.tgz",
			"integrity": "sha512-4H8vUNGNjQ4V2EOoGw005+c+dGuPSnhpPBPHBtsZdGZBk/iJb4kguGlPWaZTZ3q5nMtFOEsY0nRDlh9PJyd6SQ==",
			"dev": true,
			"license": "MIT",
			"dependencies": {
				"esbuild": "~0.25.0",
				"get-tsconfig": "^4.7.5"
			},
			"bin": {
				"tsx": "dist/cli.mjs"
			},
			"engines": {
				"node": ">=18.0.0"
			},
			"optionalDependencies": {
				"fsevents": "~2.3.3"
			}
		},
		"node_modules/turbo": {
			"version": "2.5.0",
			"resolved": "https://registry.npmjs.org/turbo/-/turbo-2.5.0.tgz",
			"integrity": "sha512-PvSRruOsitjy6qdqwIIyolv99+fEn57gP6gn4zhsHTEcCYgXPhv6BAxzAjleS8XKpo+Y582vTTA9nuqYDmbRuA==",
			"dev": true,
			"license": "MIT",
			"bin": {
				"turbo": "bin/turbo"
			},
			"optionalDependencies": {
				"turbo-darwin-64": "2.5.0",
				"turbo-darwin-arm64": "2.5.0",
				"turbo-linux-64": "2.5.0",
				"turbo-linux-arm64": "2.5.0",
				"turbo-windows-64": "2.5.0",
				"turbo-windows-arm64": "2.5.0"
			}
		},
		"node_modules/turbo-darwin-64": {
			"version": "2.5.0",
			"resolved": "https://registry.npmjs.org/turbo-darwin-64/-/turbo-darwin-64-2.5.0.tgz",
			"integrity": "sha512-fP1hhI9zY8hv0idym3hAaXdPi80TLovmGmgZFocVAykFtOxF+GlfIgM/l4iLAV9ObIO4SUXPVWHeBZQQ+Hpjag==",
			"cpu": [
				"x64"
			],
			"dev": true,
			"license": "MIT",
			"optional": true,
			"os": [
				"darwin"
			]
		},
		"node_modules/turbo-darwin-arm64": {
			"version": "2.5.0",
			"resolved": "https://registry.npmjs.org/turbo-darwin-arm64/-/turbo-darwin-arm64-2.5.0.tgz",
			"integrity": "sha512-p9sYq7kXH7qeJwIQE86cOWv/xNqvow846l6c/qWc26Ib1ci5W7V0sI5thsrP3eH+VA0d+SHalTKg5SQXgNQBWA==",
			"cpu": [
				"arm64"
			],
			"dev": true,
			"license": "MIT",
			"optional": true,
			"os": [
				"darwin"
			]
		},
		"node_modules/turbo-linux-64": {
			"version": "2.5.0",
			"resolved": "https://registry.npmjs.org/turbo-linux-64/-/turbo-linux-64-2.5.0.tgz",
			"integrity": "sha512-1iEln2GWiF3iPPPS1HQJT6ZCFXynJPd89gs9SkggH2EJsj3eRUSVMmMC8y6d7bBbhBFsiGGazwFIYrI12zs6uQ==",
			"cpu": [
				"x64"
			],
			"dev": true,
			"license": "MIT",
			"optional": true,
			"os": [
				"linux"
			]
		},
		"node_modules/turbo-linux-arm64": {
			"version": "2.5.0",
			"resolved": "https://registry.npmjs.org/turbo-linux-arm64/-/turbo-linux-arm64-2.5.0.tgz",
			"integrity": "sha512-bKBcbvuQHmsX116KcxHJuAcppiiBOfivOObh2O5aXNER6mce7YDDQJy00xQQNp1DhEfcSV2uOsvb3O3nN2cbcA==",
			"cpu": [
				"arm64"
			],
			"dev": true,
			"license": "MIT",
			"optional": true,
			"os": [
				"linux"
			]
		},
		"node_modules/turbo-windows-64": {
			"version": "2.5.0",
			"resolved": "https://registry.npmjs.org/turbo-windows-64/-/turbo-windows-64-2.5.0.tgz",
			"integrity": "sha512-9BCo8oQ7BO7J0K913Czbc3tw8QwLqn2nTe4E47k6aVYkM12ASTScweXPTuaPFP5iYXAT6z5Dsniw704Ixa5eGg==",
			"cpu": [
				"x64"
			],
			"dev": true,
			"license": "MIT",
			"optional": true,
			"os": [
				"win32"
			]
		},
		"node_modules/turbo-windows-arm64": {
			"version": "2.5.0",
			"resolved": "https://registry.npmjs.org/turbo-windows-arm64/-/turbo-windows-arm64-2.5.0.tgz",
			"integrity": "sha512-OUHCV+ueXa3UzfZ4co/ueIHgeq9B2K48pZwIxKSm5VaLVuv8M13MhM7unukW09g++dpdrrE1w4IOVgxKZ0/exg==",
			"cpu": [
				"arm64"
			],
			"dev": true,
			"license": "MIT",
			"optional": true,
			"os": [
				"win32"
			]
		},
		"node_modules/typescript": {
			"version": "5.8.3",
			"resolved": "https://registry.npmjs.org/typescript/-/typescript-5.8.3.tgz",
			"integrity": "sha512-p1diW6TqL9L07nNxvRMM7hMMw4c5XOo/1ibL4aAIGmSAt9slTE1Xgw5KWuof2uTOvCg9BY7ZRi+GaF+7sfgPeQ==",
			"dev": true,
			"license": "Apache-2.0",
			"bin": {
				"tsc": "bin/tsc",
				"tsserver": "bin/tsserver"
			},
			"engines": {
				"node": ">=14.17"
			}
		},
		"node_modules/undici-types": {
			"version": "6.21.0",
			"resolved": "https://registry.npmjs.org/undici-types/-/undici-types-6.21.0.tgz",
			"integrity": "sha512-iwDZqg0QAGrg9Rav5H4n0M64c3mkR59cJ6wQp+7C4nI0gsmExaedaYLNO44eT4AtBBwjbTiGPMlt2Md0T9H9JQ==",
			"dev": true,
			"license": "MIT"
		},
		"packages/api": {
			"name": "@ydbjs/api",
			"version": "6.0.0-alpha.7",
			"license": "Apache-2.0",
			"dependencies": {
				"@bufbuild/protobuf": "^2.2.5",
				"nice-grpc": "^2.1.12"
			},
			"devDependencies": {
				"@bufbuild/buf": "^1.53.0",
				"@bufbuild/protoc-gen-es": "^2.2.5"
			}
		},
		"packages/auth": {
			"name": "@ydbjs/auth",
			"version": "6.0.0-alpha.10",
			"license": "Apache-2.0",
			"dependencies": {
				"@bufbuild/protobuf": "^2.2.5",
				"@ydbjs/api": "6.0.0-alpha.7",
				"@ydbjs/error": "6.0.0-alpha.7",
				"@ydbjs/retry": "6.0.0-alpha.9",
				"nice-grpc": "^2.1.12"
			}
		},
		"packages/core": {
			"name": "@ydbjs/core",
			"version": "6.0.0-alpha.10",
			"license": "Apache-2.0",
			"dependencies": {
				"@bufbuild/protobuf": "^2.2.5",
				"@ydbjs/api": "6.0.0-alpha.7",
				"@ydbjs/auth": "^6.0.0-alpha.10",
				"@ydbjs/error": "6.0.0-alpha.7",
				"@ydbjs/retry": "6.0.0-alpha.9",
				"debug": "^4.4.0",
				"nice-grpc": "^2.1.12"
			},
			"devDependencies": {
				"@types/debug": "^4.1.12"
			}
		},
		"packages/error": {
			"name": "@ydbjs/error",
			"version": "6.0.0-alpha.7",
			"license": "Apache-2.0",
			"dependencies": {
				"@ydbjs/api": "6.0.0-alpha.7"
			}
		},
		"packages/query": {
			"name": "@ydbjs/query",
			"version": "6.0.0-alpha.13",
			"license": "Apache-2.0",
			"dependencies": {
				"@bufbuild/protobuf": "^2.2.5",
				"@ydbjs/api": "6.0.0-alpha.7",
				"@ydbjs/core": "6.0.0-alpha.10",
				"@ydbjs/error": "6.0.0-alpha.7",
				"@ydbjs/retry": "6.0.0-alpha.9",
				"@ydbjs/value": "6.0.0-alpha.8",
				"debug": "^4.4.0",
				"nice-grpc": "^2.1.12"
			},
			"devDependencies": {
				"@types/debug": "^4.1.12"
			},
			"peerDependencies": {
				"@ydbjs/api": "6.0.0-alpha.7",
				"@ydbjs/core": "6.0.0-alpha.10"
			}
		},
		"packages/retry": {
			"name": "@ydbjs/retry",
			"version": "6.0.0-alpha.9",
			"license": "Apache-2.0",
			"dependencies": {
				"@ydbjs/api": "6.0.0-alpha.7",
				"@ydbjs/error": "6.0.0-alpha.7",
				"debug": "^4.4.0",
				"nice-grpc": "^2.1.12"
			}
		},
		"packages/value": {
			"name": "@ydbjs/value",
			"version": "6.0.0-alpha.8",
			"license": "Apache-2.0",
			"dependencies": {
				"@bufbuild/protobuf": "^2.2.5",
				"@date-fns/tz": "^1.2.0",
				"@ydbjs/api": "6.0.0-alpha.7",
				"date-fns": "^4.1.0",
				"debug": "^4.4.0",
				"proposal-decimal": "^20240325.0.0"
			}
		}
	}
}
