{
	"name": "ydbjs",
	"version": "0.0.0",
	"lockfileVersion": 3,
	"requires": true,
	"packages": {
		"": {
			"name": "ydbjs",
			"version": "0.0.0",
			"workspaces": [
				"packages/*",
				"third-party/*"
			],
			"devDependencies": {
				"@types/node": "^22.13.10",
				"oxlint": "^0.16.4",
				"prettier": "^3.5.3",
				"tsx": "^4.19.3",
				"turbo": "^2.5.0",
				"typescript": "^5.8.3"
			},
			"engines": {
				"node": ">=18",
				"npm": ">=10"
			}
		},
		"node_modules/@bufbuild/buf": {
			"version": "1.52.1",
			"dev": true,
			"hasInstallScript": true,
			"license": "Apache-2.0",
			"bin": {
				"buf": "bin/buf",
				"protoc-gen-buf-breaking": "bin/protoc-gen-buf-breaking",
				"protoc-gen-buf-lint": "bin/protoc-gen-buf-lint"
			},
			"engines": {
				"node": ">=12"
			},
			"optionalDependencies": {
				"@bufbuild/buf-darwin-arm64": "1.52.1",
				"@bufbuild/buf-darwin-x64": "1.52.1",
				"@bufbuild/buf-linux-aarch64": "1.52.1",
				"@bufbuild/buf-linux-armv7": "1.52.1",
				"@bufbuild/buf-linux-x64": "1.52.1",
				"@bufbuild/buf-win32-arm64": "1.52.1",
				"@bufbuild/buf-win32-x64": "1.52.1"
			}
		},
		"node_modules/@bufbuild/buf-linux-x64": {
			"version": "1.52.1",
			"cpu": [
				"x64"
			],
			"dev": true,
			"license": "Apache-2.0",
			"optional": true,
			"os": [
				"linux"
			],
			"engines": {
				"node": ">=12"
			}
		},
		"node_modules/@bufbuild/protobuf": {
			"version": "2.2.5",
			"license": "(Apache-2.0 AND BSD-3-Clause)"
		},
		"node_modules/@bufbuild/protoc-gen-es": {
			"version": "2.2.5",
			"dev": true,
			"license": "Apache-2.0",
			"dependencies": {
				"@bufbuild/protobuf": "^2.2.5",
				"@bufbuild/protoplugin": "2.2.5"
			},
			"bin": {
				"protoc-gen-es": "bin/protoc-gen-es"
			},
			"engines": {
				"node": ">=14"
			},
			"peerDependencies": {
				"@bufbuild/protobuf": "2.2.5"
			},
			"peerDependenciesMeta": {
				"@bufbuild/protobuf": {
					"optional": true
				}
			}
		},
		"node_modules/@bufbuild/protoplugin": {
			"version": "2.2.5",
			"dev": true,
			"license": "Apache-2.0",
			"dependencies": {
				"@bufbuild/protobuf": "2.2.5",
				"@typescript/vfs": "^1.5.2",
				"typescript": "5.4.5"
			}
		},
		"node_modules/@bufbuild/protoplugin/node_modules/typescript": {
			"version": "5.4.5",
			"dev": true,
			"license": "Apache-2.0",
			"bin": {
				"tsc": "bin/tsc",
				"tsserver": "bin/tsserver"
			},
			"engines": {
				"node": ">=14.17"
			}
		},
		"node_modules/@date-fns/tz": {
			"version": "1.2.0",
			"license": "MIT"
		},
		"node_modules/@esbuild/linux-x64": {
			"version": "0.25.2",
			"cpu": [
				"x64"
			],
			"dev": true,
			"license": "MIT",
			"optional": true,
			"os": [
				"linux"
			],
			"engines": {
				"node": ">=18"
			}
		},
		"node_modules/@grpc/grpc-js": {
			"version": "1.13.3",
			"license": "Apache-2.0",
			"dependencies": {
				"@grpc/proto-loader": "^0.7.13",
				"@js-sdsl/ordered-map": "^4.4.2"
			},
			"engines": {
				"node": ">=12.10.0"
			}
		},
		"node_modules/@grpc/proto-loader": {
			"name": "dry-uninstall",
			"version": "0.3.0",
			"license": "MIT"
		},
		"node_modules/@js-sdsl/ordered-map": {
			"version": "4.4.2",
			"license": "MIT",
			"funding": {
				"type": "opencollective",
				"url": "https://opencollective.com/js-sdsl"
			}
		},
		"node_modules/@oxlint/linux-x64-gnu": {
			"version": "0.16.6",
			"cpu": [
				"x64"
			],
			"dev": true,
			"license": "MIT",
			"optional": true,
			"os": [
				"linux"
			]
		},
		"node_modules/@oxlint/linux-x64-musl": {
			"version": "0.16.6",
			"cpu": [
				"x64"
			],
			"dev": true,
			"license": "MIT",
			"optional": true,
			"os": [
				"linux"
			]
		},
		"node_modules/@types/debug": {
			"version": "4.1.12",
			"dev": true,
			"license": "MIT",
			"dependencies": {
				"@types/ms": "*"
			}
		},
		"node_modules/@types/ms": {
			"version": "2.1.0",
			"dev": true,
			"license": "MIT"
		},
		"node_modules/@types/node": {
			"version": "22.14.1",
			"dev": true,
			"license": "MIT",
			"dependencies": {
				"undici-types": "~6.21.0"
			}
		},
		"node_modules/@typescript/vfs": {
			"version": "1.6.1",
			"dev": true,
			"license": "MIT",
			"dependencies": {
				"debug": "^4.1.1"
			},
			"peerDependencies": {
				"typescript": "*"
			}
		},
		"node_modules/@ydbjs/api": {
			"resolved": "packages/api",
			"link": true
		},
		"node_modules/@ydbjs/auth": {
			"resolved": "packages/auth",
			"link": true
		},
		"node_modules/@ydbjs/core": {
			"resolved": "packages/core",
			"link": true
		},
		"node_modules/@ydbjs/error": {
			"resolved": "packages/error",
			"link": true
		},
		"node_modules/@ydbjs/query": {
			"resolved": "packages/query",
			"link": true
		},
		"node_modules/@ydbjs/retry": {
			"resolved": "packages/retry",
			"link": true
		},
		"node_modules/@ydbjs/value": {
			"resolved": "packages/value",
			"link": true
		},
		"node_modules/abort-controller-x": {
			"version": "0.4.3",
			"license": "MIT"
		},
		"node_modules/date-fns": {
			"version": "4.1.0",
			"license": "MIT",
			"funding": {
				"type": "github",
				"url": "https://github.com/sponsors/kossnocorp"
			}
		},
		"node_modules/debug": {
			"version": "4.4.0",
			"license": "MIT",
			"dependencies": {
				"ms": "^2.1.3"
			},
			"engines": {
				"node": ">=6.0"
			},
			"peerDependenciesMeta": {
				"supports-color": {
					"optional": true
				}
			}
		},
		"node_modules/esbuild": {
			"version": "0.25.2",
			"dev": true,
			"hasInstallScript": true,
			"license": "MIT",
			"bin": {
				"esbuild": "bin/esbuild"
			},
			"engines": {
				"node": ">=18"
			},
			"optionalDependencies": {
				"@esbuild/aix-ppc64": "0.25.2",
				"@esbuild/android-arm": "0.25.2",
				"@esbuild/android-arm64": "0.25.2",
				"@esbuild/android-x64": "0.25.2",
				"@esbuild/darwin-arm64": "0.25.2",
				"@esbuild/darwin-x64": "0.25.2",
				"@esbuild/freebsd-arm64": "0.25.2",
				"@esbuild/freebsd-x64": "0.25.2",
				"@esbuild/linux-arm": "0.25.2",
				"@esbuild/linux-arm64": "0.25.2",
				"@esbuild/linux-ia32": "0.25.2",
				"@esbuild/linux-loong64": "0.25.2",
				"@esbuild/linux-mips64el": "0.25.2",
				"@esbuild/linux-ppc64": "0.25.2",
				"@esbuild/linux-riscv64": "0.25.2",
				"@esbuild/linux-s390x": "0.25.2",
				"@esbuild/linux-x64": "0.25.2",
				"@esbuild/netbsd-arm64": "0.25.2",
				"@esbuild/netbsd-x64": "0.25.2",
				"@esbuild/openbsd-arm64": "0.25.2",
				"@esbuild/openbsd-x64": "0.25.2",
				"@esbuild/sunos-x64": "0.25.2",
				"@esbuild/win32-arm64": "0.25.2",
				"@esbuild/win32-ia32": "0.25.2",
				"@esbuild/win32-x64": "0.25.2"
			}
		},
		"node_modules/get-tsconfig": {
			"version": "4.10.0",
			"dev": true,
			"license": "MIT",
			"dependencies": {
				"resolve-pkg-maps": "^1.0.0"
			},
			"funding": {
				"url": "https://github.com/privatenumber/get-tsconfig?sponsor=1"
			}
		},
		"node_modules/ms": {
			"version": "2.1.3",
			"license": "MIT"
		},
		"node_modules/nice-grpc": {
			"version": "2.1.12",
			"license": "MIT",
			"dependencies": {
				"@grpc/grpc-js": "^1.13.1",
				"abort-controller-x": "^0.4.0",
				"nice-grpc-common": "^2.0.2"
			}
		},
		"node_modules/nice-grpc-common": {
			"version": "2.0.2",
			"license": "MIT",
			"dependencies": {
				"ts-error": "^1.0.6"
			}
		},
		"node_modules/oxlint": {
			"version": "0.16.6",
			"dev": true,
			"license": "MIT",
			"bin": {
				"oxc_language_server": "bin/oxc_language_server",
				"oxlint": "bin/oxlint"
			},
			"engines": {
				"node": ">=8.*"
			},
			"funding": {
				"url": "https://github.com/sponsors/Boshen"
			},
			"optionalDependencies": {
				"@oxlint/darwin-arm64": "0.16.6",
				"@oxlint/darwin-x64": "0.16.6",
				"@oxlint/linux-arm64-gnu": "0.16.6",
				"@oxlint/linux-arm64-musl": "0.16.6",
				"@oxlint/linux-x64-gnu": "0.16.6",
				"@oxlint/linux-x64-musl": "0.16.6",
				"@oxlint/win32-arm64": "0.16.6",
				"@oxlint/win32-x64": "0.16.6"
			}
		},
		"node_modules/prettier": {
			"version": "3.5.3",
			"dev": true,
			"license": "MIT",
			"bin": {
				"prettier": "bin/prettier.cjs"
			},
			"engines": {
				"node": ">=14"
			},
			"funding": {
				"url": "https://github.com/prettier/prettier?sponsor=1"
			}
		},
		"node_modules/proposal-decimal": {
			"version": "20240325.0.0",
			"license": "BSD-2-Clause"
		},
		"node_modules/resolve-pkg-maps": {
			"version": "1.0.0",
			"dev": true,
			"license": "MIT",
			"funding": {
				"url": "https://github.com/privatenumber/resolve-pkg-maps?sponsor=1"
			}
		},
		"node_modules/ts-error": {
			"version": "1.0.6",
			"license": "MIT"
		},
		"node_modules/tsx": {
			"version": "4.19.3",
			"dev": true,
			"license": "MIT",
			"dependencies": {
				"esbuild": "~0.25.0",
				"get-tsconfig": "^4.7.5"
			},
			"bin": {
				"tsx": "dist/cli.mjs"
			},
			"engines": {
				"node": ">=18.0.0"
			},
			"optionalDependencies": {
				"fsevents": "~2.3.3"
			}
		},
		"node_modules/turbo": {
			"version": "2.5.0",
			"dev": true,
			"license": "MIT",
			"bin": {
				"turbo": "bin/turbo"
			},
			"optionalDependencies": {
				"turbo-darwin-64": "2.5.0",
				"turbo-darwin-arm64": "2.5.0",
				"turbo-linux-64": "2.5.0",
				"turbo-linux-arm64": "2.5.0",
				"turbo-windows-64": "2.5.0",
				"turbo-windows-arm64": "2.5.0"
			}
		},
		"node_modules/turbo-linux-64": {
			"version": "2.5.0",
			"cpu": [
				"x64"
			],
			"dev": true,
			"license": "MIT",
			"optional": true,
			"os": [
				"linux"
			]
		},
		"node_modules/typescript": {
			"version": "5.8.3",
			"dev": true,
			"license": "Apache-2.0",
			"bin": {
				"tsc": "bin/tsc",
				"tsserver": "bin/tsserver"
			},
			"engines": {
				"node": ">=14.17"
			}
		},
		"node_modules/undici-types": {
			"version": "6.21.0",
			"dev": true,
			"license": "MIT"
		},
		"packages/api": {
			"name": "@ydbjs/api",
			"version": "6.0.0-alpha.7",
			"license": "Apache-2.0",
			"dependencies": {
				"@bufbuild/protobuf": "^2.2.3",
				"nice-grpc": "^2.1.12"
			},
			"devDependencies": {
				"@bufbuild/buf": "^1.50.0",
				"@bufbuild/protoc-gen-es": "^2.2.3"
			}
		},
		"packages/auth": {
			"name": "@ydbjs/auth",
			"version": "6.0.0-alpha.10",
			"license": "Apache-2.0",
			"dependencies": {
				"@bufbuild/protobuf": "^2.2.3",
				"@ydbjs/api": "6.0.0-alpha.7",
				"@ydbjs/error": "6.0.0-alpha.7",
				"@ydbjs/retry": "6.0.0-alpha.9",
				"nice-grpc": "^2.1.12"
			}
		},
		"packages/core": {
			"name": "@ydbjs/core",
			"version": "6.0.0-alpha.10",
			"license": "Apache-2.0",
			"dependencies": {
				"@bufbuild/protobuf": "^2.2.3",
				"@ydbjs/api": "6.0.0-alpha.7",
				"@ydbjs/auth": "^6.0.0-alpha.10",
				"@ydbjs/error": "6.0.0-alpha.7",
				"@ydbjs/retry": "6.0.0-alpha.9",
				"debug": "^4.4.0",
				"nice-grpc": "^2.1.12"
			},
			"devDependencies": {
				"@types/debug": "^4.1.12"
			}
		},
		"packages/error": {
			"name": "@ydbjs/error",
			"version": "6.0.0-alpha.7",
			"license": "Apache-2.0",
			"dependencies": {
				"@ydbjs/api": "6.0.0-alpha.7"
			}
		},
		"packages/query": {
			"name": "@ydbjs/query",
			"version": "6.0.0-alpha.13",
			"license": "Apache-2.0",
			"dependencies": {
				"@bufbuild/protobuf": "^2.2.3",
				"@ydbjs/api": "6.0.0-alpha.7",
				"@ydbjs/core": "6.0.0-alpha.10",
				"@ydbjs/error": "6.0.0-alpha.7",
				"@ydbjs/retry": "6.0.0-alpha.9",
				"@ydbjs/value": "6.0.0-alpha.8",
				"debug": "^4.4.0",
				"nice-grpc": "^2.1.12"
			},
			"devDependencies": {
				"@types/debug": "^4.1.12"
			},
			"peerDependencies": {
				"@ydbjs/api": "6.0.0-alpha.7",
				"@ydbjs/core": "6.0.0-alpha.10"
			}
		},
		"packages/retry": {
			"name": "@ydbjs/retry",
			"version": "6.0.0-alpha.9",
			"license": "Apache-2.0",
			"dependencies": {
				"@ydbjs/api": "6.0.0-alpha.7",
				"@ydbjs/error": "6.0.0-alpha.7",
				"debug": "^4.4.0",
				"nice-grpc": "^2.1.12"
			}
		},
		"packages/value": {
			"name": "@ydbjs/value",
			"version": "6.0.0-alpha.8",
			"license": "Apache-2.0",
			"dependencies": {
				"@bufbuild/protobuf": "^2.2.3",
				"@date-fns/tz": "^1.2.0",
				"@ydbjs/api": "6.0.0-alpha.7",
				"date-fns": "^4.1.0",
				"debug": "^4.4.0",
				"proposal-decimal": "^20240325.0.0"
			}
		}
	}
}
